<?xml version="1.0" encoding="utf-8"?>
<Project ToolsVersion="4.0" xmlns="http://schemas.microsoft.com/developer/msbuild/2003">
  <ItemGroup>
    <Filter Include="Source Files">
      <UniqueIdentifier>{4FC737F1-C7A5-4376-A066-2A32D752A2FF}</UniqueIdentifier>
      <Extensions>cpp;c;cc;cxx;def;odl;idl;hpj;bat;asm;asmx</Extensions>
    </Filter>
    <Filter Include="Header Files">
      <UniqueIdentifier>{93995380-89BD-4b04-88EB-625FBE52EBFB}</UniqueIdentifier>
      <Extensions>h;hh;hpp;hxx;hm;inl;inc;ipp;xsd</Extensions>
    </Filter>
    <Filter Include="Resource Files">
      <UniqueIdentifier>{67DA6AB6-F800-4c08-8B7A-83BB121AAD01}</UniqueIdentifier>
      <Extensions>rc;ico;cur;bmp;dlg;rc2;rct;bin;rgs;gif;jpg;jpeg;jpe;resx;tiff;tif;png;wav;mfcribbon-ms</Extensions>
    </Filter>
    <Filter Include="Source Files\Game">
      <UniqueIdentifier>{aa5cd73e-19a3-476d-a7d1-3bca5a5051d4}</UniqueIdentifier>
    </Filter>
    <Filter Include="Header Files\Game">
      <UniqueIdentifier>{a0f6fb5c-ea28-4f1a-978b-7b06fcc3ed3f}</UniqueIdentifier>
    </Filter>
    <Filter Include="Header Files\Pomme">
      <UniqueIdentifier>{60c6feeb-d487-48aa-b979-ddb9200d287e}</UniqueIdentifier>
    </Filter>
    <Filter Include="Source Files\Pomme">
      <UniqueIdentifier>{ead6350e-a646-4eab-8479-3798e9255857}</UniqueIdentifier>
    </Filter>
  </ItemGroup>
  <ItemGroup>
    <ClCompile Include="src\game\3DMath.c">
      <Filter>Source Files\Game</Filter>
    </ClCompile>
    <ClCompile Include="src\game\3DMF.c">
      <Filter>Source Files\Game</Filter>
    </ClCompile>
    <ClCompile Include="src\game\Bones.c">
      <Filter>Source Files\Game</Filter>
    </ClCompile>
    <ClCompile Include="src\game\Camera.c">
      <Filter>Source Files\Game</Filter>
    </ClCompile>
    <ClCompile Include="src\game\Collision.c">
      <Filter>Source Files\Game</Filter>
    </ClCompile>
    <ClCompile Include="src\game\Effects.c">
      <Filter>Source Files\Game</Filter>
    </ClCompile>
    <ClCompile Include="src\game\Enemy.c">
      <Filter>Source Files\Game</Filter>
    </ClCompile>
    <ClCompile Include="src\game\Enemy_Ptera.c">
      <Filter>Source Files\Game</Filter>
    </ClCompile>
    <ClCompile Include="src\game\Enemy_Rex.c">
      <Filter>Source Files\Game</Filter>
    </ClCompile>
    <ClCompile Include="src\game\Enemy_Spitter.c">
      <Filter>Source Files\Game</Filter>
    </ClCompile>
    <ClCompile Include="src\game\Enemy_Stego.c">
      <Filter>Source Files\Game</Filter>
    </ClCompile>
    <ClCompile Include="src\game\Enemy_TriCer.c">
      <Filter>Source Files\Game</Filter>
    </ClCompile>
    <ClCompile Include="src\game\EnvironmentMap.c">
      <Filter>Source Files\Game</Filter>
    </ClCompile>
    <ClCompile Include="src\game\File.c">
      <Filter>Source Files\Game</Filter>
    </ClCompile>
    <ClCompile Include="src\game\HighScores.c">
      <Filter>Source Files\Game</Filter>
    </ClCompile>
    <ClCompile Include="src\game\Infobar.c">
      <Filter>Source Files\Game</Filter>
    </ClCompile>
    <ClCompile Include="src\game\input.c">
      <Filter>Source Files\Game</Filter>
    </ClCompile>
    <ClCompile Include="src\game\Items.c">
      <Filter>Source Files\Game</Filter>
    </ClCompile>
    <ClCompile Include="src\game\Main.c">
      <Filter>Source Files\Game</Filter>
    </ClCompile>
    <ClCompile Include="src\game\MainMenu.c">
      <Filter>Source Files\Game</Filter>
    </ClCompile>
    <ClCompile Include="src\game\Misc.c">
      <Filter>Source Files\Game</Filter>
    </ClCompile>
    <ClCompile Include="src\game\Movie.c">
      <Filter>Source Files\Game</Filter>
    </ClCompile>
    <ClCompile Include="src\game\MyGuy.c">
      <Filter>Source Files\Game</Filter>
    </ClCompile>
    <ClCompile Include="src\game\Objects.c">
      <Filter>Source Files\Game</Filter>
    </ClCompile>
    <ClCompile Include="src\game\Objects2.c">
      <Filter>Source Files\Game</Filter>
    </ClCompile>
    <ClCompile Include="src\game\Pickups.c">
      <Filter>Source Files\Game</Filter>
    </ClCompile>
    <ClCompile Include="src\game\Player_Control.c">
      <Filter>Source Files\Game</Filter>
    </ClCompile>
    <ClCompile Include="src\game\QD3D_Geometry.c">
      <Filter>Source Files\Game</Filter>
    </ClCompile>
    <ClCompile Include="src\game\QD3D_Support.c">
      <Filter>Source Files\Game</Filter>
    </ClCompile>
    <ClCompile Include="src\game\SelfRunDemo.c">
      <Filter>Source Files\Game</Filter>
    </ClCompile>
    <ClCompile Include="src\game\SkeletonAnim.c">
      <Filter>Source Files\Game</Filter>
    </ClCompile>
    <ClCompile Include="src\game\SkeletonJoints.c">
      <Filter>Source Files\Game</Filter>
    </ClCompile>
    <ClCompile Include="src\game\SkeletonObj.c">
      <Filter>Source Files\Game</Filter>
    </ClCompile>
    <ClCompile Include="src\game\Sound.c">
      <Filter>Source Files\Game</Filter>
    </ClCompile>
    <ClCompile Include="src\game\Sprites.c">
      <Filter>Source Files\Game</Filter>
    </ClCompile>
    <ClCompile Include="src\game\Terrain.c">
      <Filter>Source Files\Game</Filter>
    </ClCompile>
    <ClCompile Include="src\game\Terrain2.c">
      <Filter>Source Files\Game</Filter>
    </ClCompile>
    <ClCompile Include="src\game\TimePortal.c">
      <Filter>Source Files\Game</Filter>
    </ClCompile>
    <ClCompile Include="src\game\Title.c">
      <Filter>Source Files\Game</Filter>
    </ClCompile>
    <ClCompile Include="src\game\Traps.c">
      <Filter>Source Files\Game</Filter>
    </ClCompile>
    <ClCompile Include="src\game\Triggers.c">
      <Filter>Source Files\Game</Filter>
    </ClCompile>
    <ClCompile Include="src\game\Weapons.c">
      <Filter>Source Files\Game</Filter>
    </ClCompile>
    <ClCompile Include="src\nsaur.cpp">
      <Filter>Source Files</Filter>
    </ClCompile>
    <ClCompile Include="src\pomme\Pomme.cpp">
      <Filter>Source Files\Pomme</Filter>
    </ClCompile>
    <ClCompile Include="src\pomme\PommeFiles.cpp">
      <Filter>Source Files\Pomme</Filter>
    </ClCompile>
    <ClCompile Include="src\pomme\PommePICT.cpp">
      <Filter>Source Files\Pomme</Filter>
    </ClCompile>
    <ClCompile Include="src\pomme\BigEndianIStream.cpp">
      <Filter>Source Files\Pomme</Filter>
    </ClCompile>
  </ItemGroup>
  <ItemGroup>
    <ClInclude Include="src\game\3DMath.h">
      <Filter>Header Files\Game</Filter>
    </ClInclude>
    <ClInclude Include="src\game\3dmf.h">
      <Filter>Header Files\Game</Filter>
    </ClInclude>
    <ClInclude Include="src\game\affectors.h">
      <Filter>Header Files\Game</Filter>
    </ClInclude>
    <ClInclude Include="src\game\bones.h">
      <Filter>Header Files\Game</Filter>
    </ClInclude>
    <ClInclude Include="src\game\camera.h">
      <Filter>Header Files\Game</Filter>
    </ClInclude>
    <ClInclude Include="src\game\collision.h">
      <Filter>Header Files\Game</Filter>
    </ClInclude>
    <ClInclude Include="src\game\effects.h">
      <Filter>Header Files\Game</Filter>
    </ClInclude>
    <ClInclude Include="src\game\enemy.h">
      <Filter>Header Files\Game</Filter>
    </ClInclude>
    <ClInclude Include="src\game\environmentmap.h">
      <Filter>Header Files\Game</Filter>
    </ClInclude>
    <ClInclude Include="src\game\file.h">
      <Filter>Header Files\Game</Filter>
    </ClInclude>
    <ClInclude Include="src\game\Globals.h">
      <Filter>Header Files\Game</Filter>
    </ClInclude>
    <ClInclude Include="src\game\highscores.h">
      <Filter>Header Files\Game</Filter>
    </ClInclude>
    <ClInclude Include="src\game\infobar.h">
      <Filter>Header Files\Game</Filter>
    </ClInclude>
    <ClInclude Include="src\game\input.h">
      <Filter>Header Files\Game</Filter>
    </ClInclude>
    <ClInclude Include="src\game\items.h">
      <Filter>Header Files\Game</Filter>
    </ClInclude>
    <ClInclude Include="src\game\main.h">
      <Filter>Header Files\Game</Filter>
    </ClInclude>
    <ClInclude Include="src\game\mainmenu.h">
      <Filter>Header Files\Game</Filter>
    </ClInclude>
    <ClInclude Include="src\game\misc.h">
      <Filter>Header Files\Game</Filter>
    </ClInclude>
    <ClInclude Include="src\game\mobjTypes.h">
      <Filter>Header Files\Game</Filter>
    </ClInclude>
    <ClInclude Include="src\game\movie.h">
      <Filter>Header Files\Game</Filter>
    </ClInclude>
    <ClInclude Include="src\game\myguy.h">
      <Filter>Header Files\Game</Filter>
    </ClInclude>
    <ClInclude Include="src\game\mytraps.h">
      <Filter>Header Files\Game</Filter>
    </ClInclude>
    <ClInclude Include="src\game\objects.h">
      <Filter>Header Files\Game</Filter>
    </ClInclude>
    <ClInclude Include="src\game\objtypes.h">
      <Filter>Header Files\Game</Filter>
    </ClInclude>
    <ClInclude Include="src\game\pickups.h">
      <Filter>Header Files\Game</Filter>
    </ClInclude>
    <ClInclude Include="src\game\player_control.h">
      <Filter>Header Files\Game</Filter>
    </ClInclude>
    <ClInclude Include="src\game\qd3d_geometry.h">
      <Filter>Header Files\Game</Filter>
    </ClInclude>
    <ClInclude Include="src\game\QD3D_Support.h">
      <Filter>Header Files\Game</Filter>
    </ClInclude>
    <ClInclude Include="src\game\selfrundemo.h">
      <Filter>Header Files\Game</Filter>
    </ClInclude>
    <ClInclude Include="src\game\skeletonanim.h">
      <Filter>Header Files\Game</Filter>
    </ClInclude>
    <ClInclude Include="src\game\skeletonJoints.h">
      <Filter>Header Files\Game</Filter>
    </ClInclude>
    <ClInclude Include="src\game\skeletonObj.h">
      <Filter>Header Files\Game</Filter>
    </ClInclude>
    <ClInclude Include="src\game\sound2.h">
      <Filter>Header Files\Game</Filter>
    </ClInclude>
    <ClInclude Include="src\game\sprites.h">
      <Filter>Header Files\Game</Filter>
    </ClInclude>
    <ClInclude Include="src\game\Structs.h">
      <Filter>Header Files\Game</Filter>
    </ClInclude>
    <ClInclude Include="src\game\Terrain.h">
      <Filter>Header Files\Game</Filter>
    </ClInclude>
    <ClInclude Include="src\game\timeportal.h">
      <Filter>Header Files\Game</Filter>
    </ClInclude>
    <ClInclude Include="src\game\title.h">
      <Filter>Header Files\Game</Filter>
    </ClInclude>
    <ClInclude Include="src\game\triggers.h">
      <Filter>Header Files\Game</Filter>
    </ClInclude>
    <ClInclude Include="src\game\weapons.h">
      <Filter>Header Files\Game</Filter>
    </ClInclude>
    <ClInclude Include="src\game\windows_nano.h">
      <Filter>Header Files\Game</Filter>
    </ClInclude>
    <ClInclude Include="src\pomme\Pomme.h">
      <Filter>Header Files\Pomme</Filter>
    </ClInclude>
    <ClInclude Include="src\pomme\PommeEnums.h">
      <Filter>Header Files\Pomme</Filter>
    </ClInclude>
    <ClInclude Include="src\pomme\PommeTypes.h">
      <Filter>Header Files\Pomme</Filter>
    </ClInclude>
    <ClInclude Include="src\pomme\PommeInternal.h">
      <Filter>Header Files\Pomme</Filter>
    </ClInclude>
  </ItemGroup>
</Project>